
Microsoft Visual Studio Solution File, Format Version 12.00
# Visual Studio Version 16
VisualStudioVersion = 16.0.30717.126
MinimumVisualStudioVersion = 10.0.40219.1
Project("{FAE04EC0-301F-11D3-BF4B-00C04F79EFBC}") = "ksmirnov", "ksmirnov.csproj", "{B2886B6A-A6E5-4193-AC58-174FCFBA15ED}"
EndProject
Global
	GlobalSection(SolutionConfigurationPlatforms) = preSolution
		Debug|Any CPU = Debug|Any CPU
		Release|Any CPU = Release|Any CPU
	EndGlobalSection
	GlobalSection(ProjectConfigurationPlatforms) = postSolution
		{B2886B6A-A6E5-4193-AC58-174FCFBA15ED}.Debug|Any CPU.ActiveCfg = Debug|Any CPU
		{B2886B6A-A6E5-4193-AC58-174FCFBA15ED}.Debug|Any CPU.Build.0 = Debug|Any CPU
		{B2886B6A-A6E5-4193-AC58-174FCFBA15ED}.Release|Any CPU.ActiveCfg = Release|Any CPU
		{B2886B6A-A6E5-4193-AC58-174FCFBA15ED}.Release|Any CPU.Build.0 = Release|Any CPU
	EndGlobalSection
	GlobalSection(SolutionProperties) = preSolution
		HideSolutionNode = FALSE
	EndGlobalSection
	GlobalSection(ExtensibilityGlobals) = postSolution
		SolutionGuid = {F7DBE471-8905-4AE1-9D42-8C64C297C667}
	EndGlobalSection
EndGlobal
